<?xml version="1.0" encoding="utf-8"?>
<Project ToolsVersion="4.0" xmlns="http://schemas.microsoft.com/developer/msbuild/2003">
  <ItemGroup>
    <FxCompile Include="posteffect.fx">
      <Filter>Shaders/Effects</Filter>
    </FxCompile>
    <FxCompile Include="ps1.phl">
      <Filter>Shaders/Effects</Filter>
    </FxCompile>
    <FxCompile Include="sprite1.fx">
      <Filter>Shaders/Effects</Filter>
    </FxCompile>
    <FxCompile Include="vs1.vhl">
      <Filter>Shaders/Effects</Filter>
    </FxCompile>
    <FxCompile Include="MiniPhongSM.fx">
      <Filter>Shaders/Effects</Filter>
    </FxCompile>
    <FxCompile Include="MiniPhong.vhl">
      <Filter>Shaders/Effects</Filter>
    </FxCompile>
    <FxCompile Include="MiniPhong.phl">
      <Filter>Shaders/Effects</Filter>
    </FxCompile>
    <FxCompile Include="MiniPhong.fx">
      <Filter>Shaders/Effects</Filter>
    </FxCompile>
  </ItemGroup>
  <ItemGroup>
    <ClCompile Include="Asteroid.cpp">
      <Filter>Objets</Filter>
    </ClCompile>
    <ClCompile Include="Bloc.cpp">
      <Filter>Objets</Filter>
    </ClCompile>
    <ClCompile Include="BlocEffet1.cpp">
      <Filter>Objets</Filter>
    </ClCompile>
    <ClCompile Include="AfficheurSprite.cpp">
      <Filter>Affichage 2D</Filter>
    </ClCompile>
    <ClCompile Include="AfficheurTexte.cpp">
      <Filter>Affichage 2D</Filter>
    </ClCompile>
    <ClCompile Include="dispositifD3D11.cpp">
      <Filter>PM3D</Filter>
    </ClCompile>
    <ClCompile Include="GameManager.cpp">
      <Filter>Managers</Filter>
    </ClCompile>
    <ClCompile Include="GestionnaireDeTextures.cpp">
      <Filter>PM3D</Filter>
    </ClCompile>
    <ClCompile Include="dispositif.cpp">
      <Filter>PM3D</Filter>
    </ClCompile>
    <ClCompile Include="DIManipulateur.cpp">
      <Filter>PM3D</Filter>
    </ClCompile>
    <ClCompile Include="DDSTextureLoader.cpp">
      <Filter>PM3D</Filter>
    </ClCompile>
    <ClCompile Include="Horloge.cpp">
      <Filter>PM3D</Filter>
    </ClCompile>
    <ClCompile Include="ChargeurOBJ.cpp">
      <Filter>PM3D</Filter>
    </ClCompile>
    <ClCompile Include="Camera.cpp">
      <Filter>PM3D</Filter>
    </ClCompile>
    <ClCompile Include="LectureFichier.cpp">
      <Filter>PM3D</Filter>
    </ClCompile>
    <ClCompile Include="PetitMoteur3D.cpp">
      <Filter>PM3D</Filter>
    </ClCompile>
    <ClCompile Include="ObjetMesh.cpp">
      <Filter>Objets</Filter>
    </ClCompile>
    <ClCompile Include="NPC.cpp">
      <Filter>Objets</Filter>
    </ClCompile>
    <ClCompile Include="PickUpObject.cpp">
      <Filter>Objets</Filter>
    </ClCompile>
    <ClCompile Include="Planet.cpp">
      <Filter>Objets</Filter>
    </ClCompile>
    <ClCompile Include="Player.cpp">
      <Filter>Objets</Filter>
    </ClCompile>
    <ClCompile Include="Portal.cpp">
      <Filter>Objets</Filter>
    </ClCompile>
    <ClCompile Include="sommetbloc.cpp">
      <Filter>Objets</Filter>
    </ClCompile>
    <ClCompile Include="SommetTerrain.cpp">
      <Filter>Objets</Filter>
    </ClCompile>
    <ClCompile Include="SceneManager.cpp">
      <Filter>Managers</Filter>
    </ClCompile>
    <ClCompile Include="RandomGenerator.cpp">
      <Filter>Utils</Filter>
    </ClCompile>
    <ClCompile Include="Monster.cpp">
      <Filter>Objets</Filter>
    </ClCompile>
    <ClCompile Include="Moteur.cpp">
      <Filter>PM3D</Filter>
    </ClCompile>
    <ClCompile Include="MoteurWindows.cpp">
      <Filter>PM3D</Filter>
    </ClCompile>
    <ClCompile Include="MovingObject.cpp">
      <Filter>Objets</Filter>
    </ClCompile>
    <ClCompile Include="PanneauPE.cpp">
      <Filter>Autres</Filter>
    </ClCompile>
    <ClCompile Include="stdafx.cpp">
      <Filter>Autres</Filter>
    </ClCompile>
    <ClCompile Include="Terrain.cpp">
      <Filter>Objets</Filter>
    </ClCompile>
    <ClCompile Include="Texture.cpp">
      <Filter>PM3D</Filter>
    </ClCompile>
    <ClCompile Include="TunnelComponent.cpp">
      <Filter>Objets</Filter>
    </ClCompile>
    <ClCompile Include="PhysXManager.cpp">
      <Filter>PhysX</Filter>
    </ClCompile>
    <ClCompile Include="MyContactModification.cpp">
      <Filter>PhysX</Filter>
    </ClCompile>
    <ClCompile Include="InfoDispositif.cpp">
      <Filter>PM3D</Filter>
    </ClCompile>
  </ItemGroup>
  <ItemGroup>
    <ClInclude Include="Asteroid.h">
      <Filter>Objets</Filter>
    </ClInclude>
    <ClInclude Include="Bloc.h">
      <Filter>Objets</Filter>
    </ClInclude>
    <ClInclude Include="BlocEffet1.h">
      <Filter>Objets</Filter>
    </ClInclude>
    <ClInclude Include="AfficheurSprite.h">
      <Filter>Affichage 2D</Filter>
    </ClInclude>
    <ClInclude Include="AfficheurTexte.h">
      <Filter>Affichage 2D</Filter>
    </ClInclude>
    <ClInclude Include="dispositifD3D11.h">
      <Filter>PM3D</Filter>
    </ClInclude>
    <ClInclude Include="GameManager.h">
      <Filter>Managers</Filter>
    </ClInclude>
    <ClInclude Include="GestionnaireDeTextures.h">
      <Filter>PM3D</Filter>
    </ClInclude>
    <ClInclude Include="GSingleton.h">
      <Filter>Utils</Filter>
    </ClInclude>
    <ClInclude Include="dispositif.h">
      <Filter>PM3D</Filter>
    </ClInclude>
    <ClInclude Include="DIManipulateur.h">
      <Filter>PM3D</Filter>
    </ClInclude>
    <ClInclude Include="DDSTextureLoader.h">
      <Filter>PM3D</Filter>
    </ClInclude>
    <ClInclude Include="Horloge.h">
      <Filter>PM3D</Filter>
    </ClInclude>
    <ClInclude Include="ChargeurOBJ.h">
      <Filter>PM3D</Filter>
    </ClInclude>
    <ClInclude Include="Camera.h">
      <Filter>PM3D</Filter>
    </ClInclude>
    <ClInclude Include="MoteurWindows.h">
      <Filter>PM3D</Filter>
    </ClInclude>
    <ClInclude Include="LectureFichier.h">
      <Filter>PM3D</Filter>
    </ClInclude>
    <ClInclude Include="PetitMoteur3D.h">
      <Filter>PM3D</Filter>
    </ClInclude>
    <ClInclude Include="objet3d.h">
      <Filter>Objets</Filter>
    </ClInclude>
    <ClInclude Include="ObjetMesh.h">
      <Filter>Objets</Filter>
    </ClInclude>
    <ClInclude Include="NPC.h">
      <Filter>Objets</Filter>
    </ClInclude>
    <ClInclude Include="PickUpObject.h">
      <Filter>Objets</Filter>
    </ClInclude>
    <ClInclude Include="Planet.h">
      <Filter>Objets</Filter>
    </ClInclude>
    <ClInclude Include="Player.h">
      <Filter>Objets</Filter>
    </ClInclude>
    <ClInclude Include="Portal.h">
      <Filter>Objets</Filter>
    </ClInclude>
    <ClInclude Include="sommetbloc.h">
      <Filter>Objets</Filter>
    </ClInclude>
    <ClInclude Include="SommetTerrain.h">
      <Filter>Objets</Filter>
    </ClInclude>
    <ClInclude Include="SceneManager.h">
      <Filter>Managers</Filter>
    </ClInclude>
    <ClInclude Include="RandomGenerator.h">
      <Filter>Utils</Filter>
    </ClInclude>
    <ClInclude Include="chargeur.h">
      <Filter>PM3D</Filter>
    </ClInclude>
    <ClInclude Include="Monster.h">
      <Filter>Objets</Filter>
    </ClInclude>
    <ClInclude Include="Moteur.h">
      <Filter>PM3D</Filter>
    </ClInclude>
    <ClInclude Include="MovingObject.h">
      <Filter>Objets</Filter>
    </ClInclude>
    <ClInclude Include="PanneauPE.h">
      <Filter>Autres</Filter>
    </ClInclude>
    <ClInclude Include="Resource.h">
      <Filter>Autres</Filter>
    </ClInclude>
    <ClInclude Include="stdafx.h">
      <Filter>Autres</Filter>
    </ClInclude>
    <ClInclude Include="Terrain.h">
      <Filter>Objets</Filter>
    </ClInclude>
    <ClInclude Include="Texture.h">
      <Filter>PM3D</Filter>
    </ClInclude>
    <ClInclude Include="TunnelComponent.h">
      <Filter>Objets</Filter>
    </ClInclude>
    <ClInclude Include="util.h">
      <Filter>Utils</Filter>
    </ClInclude>
    <ClInclude Include="PhysXManager.h">
      <Filter>PhysX</Filter>
    </ClInclude>
    <ClInclude Include="MyContactModification.h">
      <Filter>PhysX</Filter>
    </ClInclude>
    <ClInclude Include="InfoDispositif.h">
      <Filter>PM3D</Filter>
    </ClInclude>
  </ItemGroup>
  <ItemGroup>
    <None Include="ReadMe.txt" />
    <None Include="PetitMoteur3D.ico">
      <Filter>Autres</Filter>
    </None>
    <None Include="small.ico">
      <Filter>Autres</Filter>
    </None>
  </ItemGroup>
  <ItemGroup>
    <Filter Include="Objets">
      <UniqueIdentifier>{66508f20-517e-4f20-8988-ce4edfd30af7}</UniqueIdentifier>
    </Filter>
    <Filter Include="Affichage 2D">
      <UniqueIdentifier>{187c34a0-95b0-49b7-9070-d4ccab67b598}</UniqueIdentifier>
    </Filter>
    <Filter Include="Managers">
      <UniqueIdentifier>{268ac318-3f4f-4862-8a12-ede0d9636de3}</UniqueIdentifier>
    </Filter>
    <Filter Include="PM3D">
      <UniqueIdentifier>{7dcb9c0c-753e-4f12-b94c-7cafda3ecee5}</UniqueIdentifier>
    </Filter>
    <Filter Include="Utils">
      <UniqueIdentifier>{20b7d8d4-f974-405c-9587-71055e99118a}</UniqueIdentifier>
    </Filter>
    <Filter Include="Shaders/Effects">
      <UniqueIdentifier>{159feae9-6e7a-4e21-bfd5-309bb8696c01}</UniqueIdentifier>
    </Filter>
    <Filter Include="Autres">
      <UniqueIdentifier>{f5595d7b-bbd6-4026-8792-8d4505019bd9}</UniqueIdentifier>
    </Filter>
    <Filter Include="PhysX">
      <UniqueIdentifier>{463f7af3-4651-4530-828d-1f8a85fcb9c9}</UniqueIdentifier>
    </Filter>
  </ItemGroup>
  <ItemGroup>
    <ResourceCompile Include="PetitMoteur3D.rc">
      <Filter>Autres</Filter>
    </ResourceCompile>
  </ItemGroup>
</Project>